
Microsoft Visual Studio Solution File, Format Version 12.00
# Visual Studio Version 16
VisualStudioVersion = 16.0.31624.102
MinimumVisualStudioVersion = 10.0.40219.1
Project("{FAE04EC0-301F-11D3-BF4B-00C04F79EFBC}") = "cerati", "cerati\cerati.csproj", "{FCF2E27C-7F4F-442E-B0CC-76A7D032DAFA}"
EndProject
Global
	GlobalSection(SolutionConfigurationPlatforms) = preSolution
		Debug|Any CPU = Debug|Any CPU
		Release|Any CPU = Release|Any CPU
	EndGlobalSection
	GlobalSection(ProjectConfigurationPlatforms) = postSolution
		{FCF2E27C-7F4F-442E-B0CC-76A7D032DAFA}.Debug|Any CPU.ActiveCfg = Debug|Any CPU
		{FCF2E27C-7F4F-442E-B0CC-76A7D032DAFA}.Debug|Any CPU.Build.0 = Debug|Any CPU
		{FCF2E27C-7F4F-442E-B0CC-76A7D032DAFA}.Release|Any CPU.ActiveCfg = Release|Any CPU
		{FCF2E27C-7F4F-442E-B0CC-76A7D032DAFA}.Release|Any CPU.Build.0 = Release|Any CPU
	EndGlobalSection
	GlobalSection(SolutionProperties) = preSolution
		HideSolutionNode = FALSE
	EndGlobalSection
	GlobalSection(ExtensibilityGlobals) = postSolution
		SolutionGuid = {BB827F8F-0943-4CEF-9806-D55606E872AC}
	EndGlobalSection
EndGlobal
